(*********************************************************************)
(* The following I/O configuration was generated by the application. *)
(* Do not modify the lines below, any changes will be overwritten    *)
(* when they are regenerated.                                        *)
(*********************************************************************)

(* No auto-generated I/O configuration available *)

(*********************************************************************)
(* End of auto-generated I/O configuration. User defined I/O groups  *)
(* can be defined after these lines.                                 *)
(*********************************************************************)

